
Microsoft Visual Studio Solution File, Format Version 12.00
# Visual Studio Version 17
VisualStudioVersion = 17.0.31919.166
MinimumVisualStudioVersion = 10.0.40219.1
Project("{FAE04EC0-301F-11D3-BF4B-00C04F79EFBC}") = "AsyncProgram_1", "AsyncProgram_1.csproj", "{A7F79128-4B99-4551-8C3F-EAFCC90A3D29}"
EndProject
Global
	GlobalSection(SolutionConfigurationPlatforms) = preSolution
		Debug|Any CPU = Debug|Any CPU
		Release|Any CPU = Release|Any CPU
	EndGlobalSection
	GlobalSection(ProjectConfigurationPlatforms) = postSolution
		{A7F79128-4B99-4551-8C3F-EAFCC90A3D29}.Debug|Any CPU.ActiveCfg = Debug|Any CPU
		{A7F79128-4B99-4551-8C3F-EAFCC90A3D29}.Debug|Any CPU.Build.0 = Debug|Any CPU
		{A7F79128-4B99-4551-8C3F-EAFCC90A3D29}.Release|Any CPU.ActiveCfg = Release|Any CPU
		{A7F79128-4B99-4551-8C3F-EAFCC90A3D29}.Release|Any CPU.Build.0 = Release|Any CPU
	EndGlobalSection
	GlobalSection(SolutionProperties) = preSolution
		HideSolutionNode = FALSE
	EndGlobalSection
	GlobalSection(ExtensibilityGlobals) = postSolution
		SolutionGuid = {5AA9C14E-6E63-4240-88F8-44771462690E}
	EndGlobalSection
EndGlobal
